
Microsoft Visual Studio Solution File, Format Version 12.00
# Visual Studio 15
VisualStudioVersion = 15.0.28307.852
MinimumVisualStudioVersion = 10.0.40219.1
Project("{FAE04EC0-301F-11D3-BF4B-00C04F79EFBC}") = "WTS_ERP", "WTS_ERP\WTS_ERP.csproj", "{3DA2BB18-28B7-4EE6-8B8F-682E3025605D}"
EndProject
Project("{FAE04EC0-301F-11D3-BF4B-00C04F79EFBC}") = "DAL_ERP", "DAL_ERP\DAL_ERP.csproj", "{8E60D800-803A-4ED3-8248-BBA6D20BDF68}"
EndProject
Project("{FAE04EC0-301F-11D3-BF4B-00C04F79EFBC}") = "BL_ERP", "BL_ERP\BL_ERP.csproj", "{E26C4614-42E3-4221-B164-256CF0406BBB}"
EndProject
Project("{FAE04EC0-301F-11D3-BF4B-00C04F79EFBC}") = "BE_ERP", "BE_ERP\BE_ERP.csproj", "{8CEDE366-784A-42A4-9EA6-C8747C843B16}"
EndProject
Project("{FAE04EC0-301F-11D3-BF4B-00C04F79EFBC}") = "Utilitario", "Utilitario\Utilitario.csproj", "{D21AD2FA-C47A-4180-BE20-CAF3BD1086B0}"
EndProject
Global
	GlobalSection(SolutionConfigurationPlatforms) = preSolution
		Debug|Any CPU = Debug|Any CPU
		Release|Any CPU = Release|Any CPU
	EndGlobalSection
	GlobalSection(ProjectConfigurationPlatforms) = postSolution
		{3DA2BB18-28B7-4EE6-8B8F-682E3025605D}.Debug|Any CPU.ActiveCfg = Debug|Any CPU
		{3DA2BB18-28B7-4EE6-8B8F-682E3025605D}.Debug|Any CPU.Build.0 = Debug|Any CPU
		{3DA2BB18-28B7-4EE6-8B8F-682E3025605D}.Release|Any CPU.ActiveCfg = Release|Any CPU
		{3DA2BB18-28B7-4EE6-8B8F-682E3025605D}.Release|Any CPU.Build.0 = Release|Any CPU
		{8E60D800-803A-4ED3-8248-BBA6D20BDF68}.Debug|Any CPU.ActiveCfg = Debug|Any CPU
		{8E60D800-803A-4ED3-8248-BBA6D20BDF68}.Debug|Any CPU.Build.0 = Debug|Any CPU
		{8E60D800-803A-4ED3-8248-BBA6D20BDF68}.Release|Any CPU.ActiveCfg = Release|Any CPU
		{8E60D800-803A-4ED3-8248-BBA6D20BDF68}.Release|Any CPU.Build.0 = Release|Any CPU
		{E26C4614-42E3-4221-B164-256CF0406BBB}.Debug|Any CPU.ActiveCfg = Debug|Any CPU
		{E26C4614-42E3-4221-B164-256CF0406BBB}.Debug|Any CPU.Build.0 = Debug|Any CPU
		{E26C4614-42E3-4221-B164-256CF0406BBB}.Release|Any CPU.ActiveCfg = Release|Any CPU
		{E26C4614-42E3-4221-B164-256CF0406BBB}.Release|Any CPU.Build.0 = Release|Any CPU
		{8CEDE366-784A-42A4-9EA6-C8747C843B16}.Debug|Any CPU.ActiveCfg = Debug|Any CPU
		{8CEDE366-784A-42A4-9EA6-C8747C843B16}.Debug|Any CPU.Build.0 = Debug|Any CPU
		{8CEDE366-784A-42A4-9EA6-C8747C843B16}.Release|Any CPU.ActiveCfg = Release|Any CPU
		{8CEDE366-784A-42A4-9EA6-C8747C843B16}.Release|Any CPU.Build.0 = Release|Any CPU
		{D21AD2FA-C47A-4180-BE20-CAF3BD1086B0}.Debug|Any CPU.ActiveCfg = Debug|Any CPU
		{D21AD2FA-C47A-4180-BE20-CAF3BD1086B0}.Debug|Any CPU.Build.0 = Debug|Any CPU
		{D21AD2FA-C47A-4180-BE20-CAF3BD1086B0}.Release|Any CPU.ActiveCfg = Release|Any CPU
		{D21AD2FA-C47A-4180-BE20-CAF3BD1086B0}.Release|Any CPU.Build.0 = Release|Any CPU
	EndGlobalSection
	GlobalSection(SolutionProperties) = preSolution
		HideSolutionNode = FALSE
	EndGlobalSection
	GlobalSection(ExtensibilityGlobals) = postSolution
		SolutionGuid = {EDADD73A-0EB1-45DE-A142-B2DF18049B75}
	EndGlobalSection
	GlobalSection(TeamFoundationVersionControl) = preSolution
		SccNumberOfProjects = 6
		SccEnterpriseProvider = {4CA58AB2-18FA-4F8D-95D4-32DDF27D184C}
		SccTeamFoundationServer = https://desarrollowts.visualstudio.com/
		SccLocalPath0 = .
		SccProjectUniqueName1 = BE_ERP\\BE_ERP.csproj
		SccProjectName1 = BE_ERP
		SccLocalPath1 = BE_ERP
		SccProjectUniqueName2 = BL_ERP\\BL_ERP.csproj
		SccProjectName2 = BL_ERP
		SccLocalPath2 = BL_ERP
		SccProjectUniqueName3 = DAL_ERP\\DAL_ERP.csproj
		SccProjectName3 = DAL_ERP
		SccLocalPath3 = DAL_ERP
		SccProjectUniqueName4 = Utilitario\\Utilitario.csproj
		SccProjectName4 = Utilitario
		SccLocalPath4 = Utilitario
		SccProjectUniqueName5 = WTS_ERP\\WTS_ERP.csproj
		SccProjectName5 = WTS_ERP
		SccLocalPath5 = WTS_ERP
	EndGlobalSection
EndGlobal
